
Microsoft Visual Studio Solution File, Format Version 12.00
# Visual Studio 14
VisualStudioVersion = 14.0.24720.0
MinimumVisualStudioVersion = 10.0.40219.1
Project("{FAE04EC0-301F-11D3-BF4B-00C04F79EFBC}") = "Knapsack", "Knapsack\Knapsack.csproj", "{AE0E5A49-B02C-4C9F-B3DD-05D8587D8056}"
EndProject
Project("{FAE04EC0-301F-11D3-BF4B-00C04F79EFBC}") = "Controls", "WpfCharts\Controls.csproj", "{AFCE1275-7070-41AA-B6FE-DBDD1AF25D7C}"
EndProject
Project("{FAE04EC0-301F-11D3-BF4B-00C04F79EFBC}") = "ChartTest", "ChartTest\ChartTest.csproj", "{778F13CE-7AF4-4C4B-ACF4-17986116A042}"
EndProject
Project("{FAE04EC0-301F-11D3-BF4B-00C04F79EFBC}") = "JMetalTest", "jMetalTest\JMetalTest.csproj", "{A7968155-1076-4144-9630-F0D4BB1171C2}"
EndProject
Project("{FAE04EC0-301F-11D3-BF4B-00C04F79EFBC}") = "Models", "Models\Models.csproj", "{94592FEC-5D75-41D7-BBF4-305D658DE53E}"
EndProject
Project("{FAE04EC0-301F-11D3-BF4B-00C04F79EFBC}") = "JMetalCSharp", "JMetalCSharp\JMetalCSharp.csproj", "{88B27C90-4C97-43D5-99D2-E1437DA8D154}"
EndProject
Project("{FAE04EC0-301F-11D3-BF4B-00C04F79EFBC}") = "MainApp", "Application\MainApp.csproj", "{93FFFB5E-7D76-4EC3-BB5D-BD2985D9FAFE}"
EndProject
Global
	GlobalSection(SolutionConfigurationPlatforms) = preSolution
		Debug|Any CPU = Debug|Any CPU
		Release|Any CPU = Release|Any CPU
	EndGlobalSection
	GlobalSection(ProjectConfigurationPlatforms) = postSolution
		{AE0E5A49-B02C-4C9F-B3DD-05D8587D8056}.Debug|Any CPU.ActiveCfg = Debug|Any CPU
		{AE0E5A49-B02C-4C9F-B3DD-05D8587D8056}.Debug|Any CPU.Build.0 = Debug|Any CPU
		{AE0E5A49-B02C-4C9F-B3DD-05D8587D8056}.Release|Any CPU.ActiveCfg = Release|Any CPU
		{AE0E5A49-B02C-4C9F-B3DD-05D8587D8056}.Release|Any CPU.Build.0 = Release|Any CPU
		{AFCE1275-7070-41AA-B6FE-DBDD1AF25D7C}.Debug|Any CPU.ActiveCfg = Debug|Any CPU
		{AFCE1275-7070-41AA-B6FE-DBDD1AF25D7C}.Debug|Any CPU.Build.0 = Debug|Any CPU
		{AFCE1275-7070-41AA-B6FE-DBDD1AF25D7C}.Release|Any CPU.ActiveCfg = Release|Any CPU
		{AFCE1275-7070-41AA-B6FE-DBDD1AF25D7C}.Release|Any CPU.Build.0 = Release|Any CPU
		{778F13CE-7AF4-4C4B-ACF4-17986116A042}.Debug|Any CPU.ActiveCfg = Debug|Any CPU
		{778F13CE-7AF4-4C4B-ACF4-17986116A042}.Debug|Any CPU.Build.0 = Debug|Any CPU
		{778F13CE-7AF4-4C4B-ACF4-17986116A042}.Release|Any CPU.ActiveCfg = Release|Any CPU
		{778F13CE-7AF4-4C4B-ACF4-17986116A042}.Release|Any CPU.Build.0 = Release|Any CPU
		{A7968155-1076-4144-9630-F0D4BB1171C2}.Debug|Any CPU.ActiveCfg = Debug|Any CPU
		{A7968155-1076-4144-9630-F0D4BB1171C2}.Debug|Any CPU.Build.0 = Debug|Any CPU
		{A7968155-1076-4144-9630-F0D4BB1171C2}.Release|Any CPU.ActiveCfg = Release|Any CPU
		{A7968155-1076-4144-9630-F0D4BB1171C2}.Release|Any CPU.Build.0 = Release|Any CPU
		{94592FEC-5D75-41D7-BBF4-305D658DE53E}.Debug|Any CPU.ActiveCfg = Debug|Any CPU
		{94592FEC-5D75-41D7-BBF4-305D658DE53E}.Debug|Any CPU.Build.0 = Debug|Any CPU
		{94592FEC-5D75-41D7-BBF4-305D658DE53E}.Release|Any CPU.ActiveCfg = Release|Any CPU
		{94592FEC-5D75-41D7-BBF4-305D658DE53E}.Release|Any CPU.Build.0 = Release|Any CPU
		{88B27C90-4C97-43D5-99D2-E1437DA8D154}.Debug|Any CPU.ActiveCfg = Debug|Any CPU
		{88B27C90-4C97-43D5-99D2-E1437DA8D154}.Debug|Any CPU.Build.0 = Debug|Any CPU
		{88B27C90-4C97-43D5-99D2-E1437DA8D154}.Release|Any CPU.ActiveCfg = Release|Any CPU
		{88B27C90-4C97-43D5-99D2-E1437DA8D154}.Release|Any CPU.Build.0 = Release|Any CPU
		{93FFFB5E-7D76-4EC3-BB5D-BD2985D9FAFE}.Debug|Any CPU.ActiveCfg = Debug|Any CPU
		{93FFFB5E-7D76-4EC3-BB5D-BD2985D9FAFE}.Debug|Any CPU.Build.0 = Debug|Any CPU
		{93FFFB5E-7D76-4EC3-BB5D-BD2985D9FAFE}.Release|Any CPU.ActiveCfg = Release|Any CPU
		{93FFFB5E-7D76-4EC3-BB5D-BD2985D9FAFE}.Release|Any CPU.Build.0 = Release|Any CPU
	EndGlobalSection
	GlobalSection(SolutionProperties) = preSolution
		HideSolutionNode = FALSE
	EndGlobalSection
EndGlobal
